
Microsoft Visual Studio Solution File, Format Version 12.00
# Visual Studio Version 16
VisualStudioVersion = 16.0.31205.134
MinimumVisualStudioVersion = 10.0.40219.1
Project("{9A19103F-16F7-4668-BE54-9A1E7A4F7556}") = "EatWell.API", "EatWell.API.csproj", "{F70C7EAC-211F-4DFD-A2F3-643D4D3D3A61}"
EndProject
Global
	GlobalSection(SolutionConfigurationPlatforms) = preSolution
		Debug|Any CPU = Debug|Any CPU
		Release|Any CPU = Release|Any CPU
	EndGlobalSection
	GlobalSection(ProjectConfigurationPlatforms) = postSolution
		{F70C7EAC-211F-4DFD-A2F3-643D4D3D3A61}.Debug|Any CPU.ActiveCfg = Debug|Any CPU
		{F70C7EAC-211F-4DFD-A2F3-643D4D3D3A61}.Debug|Any CPU.Build.0 = Debug|Any CPU
		{F70C7EAC-211F-4DFD-A2F3-643D4D3D3A61}.Release|Any CPU.ActiveCfg = Release|Any CPU
		{F70C7EAC-211F-4DFD-A2F3-643D4D3D3A61}.Release|Any CPU.Build.0 = Release|Any CPU
	EndGlobalSection
	GlobalSection(SolutionProperties) = preSolution
		HideSolutionNode = FALSE
	EndGlobalSection
	GlobalSection(ExtensibilityGlobals) = postSolution
		SolutionGuid = {95E712AD-358F-4BED-BD0A-E7540CC22827}
	EndGlobalSection
EndGlobal
